# generated by rye
# use `rye lock` or `rye sync` to update this lockfile
#
# last locked with the following flags:
#   pre: false
#   features: []
#   all-features: false
#   with-sources: false
#   generate-hashes: false
#   universal: false

-e file:.
alembic==1.18.4
    # via std-cards
annotated-doc==0.0.4
    # via fastapi
annotated-types==0.7.0
    # via pydantic
anyio==4.13.0
    # via httpx
    # via starlette
    # via watchfiles
asyncpg==0.31.0
    # via std-cards
bcrypt==5.0.0
    # via std-cards
boto3==1.43.6
    # via std-cards
botocore==1.43.6
    # via boto3
    # via s3transfer
certifi==2026.4.22
    # via httpcore
    # via httpx
    # via sentry-sdk
cffi==2.0.0
    # via cryptography
click==8.3.3
    # via uvicorn
coverage==7.13.5
    # via pytest-cov
cryptography==48.0.0
    # via pyjwt
dnspython==2.8.0
    # via email-validator
email-validator==2.3.0
    # via std-cards
et-xmlfile==2.0.0
    # via openpyxl
faker==40.15.0
fastapi==0.136.1
    # via sentry-sdk
    # via std-cards
greenlet==3.5.0
    # via std-cards
h11==0.16.0
    # via httpcore
    # via uvicorn
httpcore==1.0.9
    # via httpx
httptools==0.7.1
    # via uvicorn
httpx==0.28.1
    # via std-cards
idna==3.13
    # via anyio
    # via email-validator
    # via httpx
iniconfig==2.3.0
    # via pytest
jinja2==3.1.6
    # via std-cards
jmespath==1.1.0
    # via boto3
    # via botocore
loguru==0.7.3
    # via std-cards
mako==1.3.12
    # via alembic
markupsafe==3.0.3
    # via jinja2
    # via mako
maxminddb==3.1.1
    # via std-cards
nats-py==2.14.0
    # via std-cards
openpyxl==3.1.5
    # via std-cards
orjson==3.11.9
    # via std-cards
packaging==26.2
    # via pytest
pillow==12.2.0
    # via qrcode
    # via std-cards
pluggy==1.6.0
    # via pytest
    # via pytest-cov
prometheus-client==0.25.0
    # via std-cards
psycopg==3.3.4
    # via std-cards
psycopg-binary==3.3.4
    # via psycopg
pycparser==3.0
    # via cffi
pydantic==2.13.4
    # via fastapi
    # via pydantic-settings
    # via std-cards
pydantic-core==2.46.4
    # via pydantic
pydantic-settings==2.14.0
    # via std-cards
pygments==2.20.0
    # via pytest
pyjwt==2.12.1
    # via std-cards
pyotp==2.9.0
    # via std-cards
pyrefly==0.64.1
pytest==9.0.3
    # via pytest-asyncio
    # via pytest-cov
pytest-asyncio==1.3.0
pytest-cov==7.1.0
python-dateutil==2.9.0.post0
    # via botocore
python-dotenv==1.2.2
    # via pydantic-settings
    # via uvicorn
python-multipart==0.0.27
    # via std-cards
pyyaml==6.0.3
    # via uvicorn
qrcode==8.2
    # via std-cards
ruff==0.15.12
s3transfer==0.17.0
    # via boto3
sentry-sdk==2.59.0
    # via std-cards
six==1.17.0
    # via python-dateutil
sqlalchemy==2.0.49
    # via alembic
    # via std-cards
starlette==1.0.0
    # via fastapi
typing-extensions==4.15.0
    # via alembic
    # via fastapi
    # via pydantic
    # via pydantic-core
    # via sqlalchemy
    # via typing-inspection
typing-inspection==0.4.2
    # via fastapi
    # via pydantic
    # via pydantic-settings
ua-parser==1.0.2
    # via std-cards
ua-parser-builtins==202605
    # via ua-parser
urllib3==2.7.0
    # via botocore
    # via sentry-sdk
uvicorn==0.46.0
    # via std-cards
uvloop==0.22.1
    # via uvicorn
watchfiles==1.1.1
    # via uvicorn
websockets==16.0
    # via uvicorn
